
Microsoft Visual Studio Solution File, Format Version 12.00
# Visual Studio Version 17
VisualStudioVersion = 17.5.002.0
MinimumVisualStudioVersion = 10.0.40219.1
Project("{9A19103F-16F7-4668-BE54-9A1E7A4F7556}") = "api", "api\api.csproj", "{DF754AD2-13ED-4E17-B053-87194974F513}"
EndProject
Project("{FAE04EC0-301F-11D3-BF4B-00C04F79EFBC}") = "WebApp", "WebApp\WebApp.csproj", "{E059F078-CB26-44D8-B4C4-FF320296F637}"
EndProject
Global
	GlobalSection(SolutionConfigurationPlatforms) = preSolution
		Debug|Any CPU = Debug|Any CPU
		Release|Any CPU = Release|Any CPU
	EndGlobalSection
	GlobalSection(ProjectConfigurationPlatforms) = postSolution
		{DF754AD2-13ED-4E17-B053-87194974F513}.Debug|Any CPU.ActiveCfg = Debug|Any CPU
		{DF754AD2-13ED-4E17-B053-87194974F513}.Debug|Any CPU.Build.0 = Debug|Any CPU
		{DF754AD2-13ED-4E17-B053-87194974F513}.Release|Any CPU.ActiveCfg = Release|Any CPU
		{DF754AD2-13ED-4E17-B053-87194974F513}.Release|Any CPU.Build.0 = Release|Any CPU
		{E059F078-CB26-44D8-B4C4-FF320296F637}.Debug|Any CPU.ActiveCfg = Debug|Any CPU
		{E059F078-CB26-44D8-B4C4-FF320296F637}.Debug|Any CPU.Build.0 = Debug|Any CPU
		{E059F078-CB26-44D8-B4C4-FF320296F637}.Release|Any CPU.ActiveCfg = Release|Any CPU
		{E059F078-CB26-44D8-B4C4-FF320296F637}.Release|Any CPU.Build.0 = Release|Any CPU
	EndGlobalSection
	GlobalSection(SolutionProperties) = preSolution
		HideSolutionNode = FALSE
	EndGlobalSection
	GlobalSection(ExtensibilityGlobals) = postSolution
		SolutionGuid = {FF348303-2618-49AE-BFEB-1ADF7DABA2F3}
	EndGlobalSection
EndGlobal
